// !$*UTF8*$!
{
	archiveVersion = 1;
	classes = {
	};
	objectVersion = 56;
	objects = {

/* Begin PBXBuildFile section */
		844CFAA6291CDEB800FBFA9C /* TopKeywordApp.swift in Sources */ = {isa = PBXBuildFile; fileRef = 844CFAA5291CDEB800FBFA9C /* TopKeywordApp.swift */; };
		844CFAA8291CDEB800FBFA9C /* ContentView.swift in Sources */ = {isa = PBXBuildFile; fileRef = 844CFAA7291CDEB800FBFA9C /* ContentView.swift */; };
		844CFAB7291CDEBC00FBFA9C /* KingKeywordTests.swift in Sources */ = {isa = PBXBuildFile; fileRef = 844CFAB6291CDEBC00FBFA9C /* KingKeywordTests.swift */; };
		844CFAC1291CDEBC00FBFA9C /* KingKeywordUITests.swift in Sources */ = {isa = PBXBuildFile; fileRef = 844CFAC0291CDEBC00FBFA9C /* KingKeywordUITests.swift */; };
		844CFAC3291CDEBC00FBFA9C /* KingKeywordUITestsLaunchTests.swift in Sources */ = {isa = PBXBuildFile; fileRef = 844CFAC2291CDEBC00FBFA9C /* KingKeywordUITestsLaunchTests.swift */; };
		84A62C7129261A3600EB4048 /* Preview Assets.xcassets in Resources */ = {isa = PBXBuildFile; fileRef = 84A62C7029261A3600EB4048 /* Preview Assets.xcassets */; };
		84A62C7429261A5700EB4048 /* Date.swift in Sources */ = {isa = PBXBuildFile; fileRef = 84A62C7329261A5700EB4048 /* Date.swift */; };
		9ABA0659291D26B6001A23BB /* Assets.xcassets in Resources */ = {isa = PBXBuildFile; fileRef = 9ABA0658291D26B6001A23BB /* Assets.xcassets */; };
		9ABA065E291E0C63001A23BB /* SearchView.swift in Sources */ = {isa = PBXBuildFile; fileRef = 9ABA065D291E0C63001A23BB /* SearchView.swift */; };
		9ABA0660291E1515001A23BB /* NaverApiViewModel.swift in Sources */ = {isa = PBXBuildFile; fileRef = 9ABA065F291E1515001A23BB /* NaverApiViewModel.swift */; };
		9ABA066229225863001A23BB /* NaverAdApiViewModel.swift in Sources */ = {isa = PBXBuildFile; fileRef = 9ABA066129225863001A23BB /* NaverAdApiViewModel.swift */; };
/* End PBXBuildFile section */

/* Begin PBXContainerItemProxy section */
		844CFAB3291CDEBC00FBFA9C /* PBXContainerItemProxy */ = {
			isa = PBXContainerItemProxy;
			containerPortal = 844CFA9A291CDEB700FBFA9C /* Project object */;
			proxyType = 1;
			remoteGlobalIDString = 844CFAA1291CDEB800FBFA9C;
			remoteInfo = TopKeyword;
		};
		844CFABD291CDEBC00FBFA9C /* PBXContainerItemProxy */ = {
			isa = PBXContainerItemProxy;
			containerPortal = 844CFA9A291CDEB700FBFA9C /* Project object */;
			proxyType = 1;
			remoteGlobalIDString = 844CFAA1291CDEB800FBFA9C;
			remoteInfo = TopKeyword;
		};
/* End PBXContainerItemProxy section */

/* Begin PBXFileReference section */
		844CFAA2291CDEB800FBFA9C /* KingKeyword.app */ = {isa = PBXFileReference; explicitFileType = wrapper.application; includeInIndex = 0; path = KingKeyword.app; sourceTree = BUILT_PRODUCTS_DIR; };
		844CFAA5291CDEB800FBFA9C /* TopKeywordApp.swift */ = {isa = PBXFileReference; lastKnownFileType = sourcecode.swift; path = TopKeywordApp.swift; sourceTree = "<group>"; };
		844CFAA7291CDEB800FBFA9C /* ContentView.swift */ = {isa = PBXFileReference; lastKnownFileType = sourcecode.swift; path = ContentView.swift; sourceTree = "<group>"; };
		844CFAB2291CDEBC00FBFA9C /* KingKeywordTests.xctest */ = {isa = PBXFileReference; explicitFileType = wrapper.cfbundle; includeInIndex = 0; path = KingKeywordTests.xctest; sourceTree = BUILT_PRODUCTS_DIR; };
		844CFAB6291CDEBC00FBFA9C /* KingKeywordTests.swift */ = {isa = PBXFileReference; lastKnownFileType = sourcecode.swift; path = KingKeywordTests.swift; sourceTree = "<group>"; };
		844CFABC291CDEBC00FBFA9C /* KingKeywordUITests.xctest */ = {isa = PBXFileReference; explicitFileType = wrapper.cfbundle; includeInIndex = 0; path = KingKeywordUITests.xctest; sourceTree = BUILT_PRODUCTS_DIR; };
		844CFAC0291CDEBC00FBFA9C /* KingKeywordUITests.swift */ = {isa = PBXFileReference; lastKnownFileType = sourcecode.swift; path = KingKeywordUITests.swift; sourceTree = "<group>"; };
		844CFAC2291CDEBC00FBFA9C /* KingKeywordUITestsLaunchTests.swift */ = {isa = PBXFileReference; lastKnownFileType = sourcecode.swift; path = KingKeywordUITestsLaunchTests.swift; sourceTree = "<group>"; };
		84A62C7029261A3600EB4048 /* Preview Assets.xcassets */ = {isa = PBXFileReference; lastKnownFileType = folder.assetcatalog; path = "Preview Assets.xcassets"; sourceTree = "<group>"; };
		84A62C7329261A5700EB4048 /* Date.swift */ = {isa = PBXFileReference; lastKnownFileType = sourcecode.swift; path = Date.swift; sourceTree = "<group>"; };
		9ABA0658291D26B6001A23BB /* Assets.xcassets */ = {isa = PBXFileReference; lastKnownFileType = folder.assetcatalog; path = Assets.xcassets; sourceTree = "<group>"; };
		9ABA065D291E0C63001A23BB /* SearchView.swift */ = {isa = PBXFileReference; lastKnownFileType = sourcecode.swift; path = SearchView.swift; sourceTree = "<group>"; };
		9ABA065F291E1515001A23BB /* NaverApiViewModel.swift */ = {isa = PBXFileReference; lastKnownFileType = sourcecode.swift; path = NaverApiViewModel.swift; sourceTree = "<group>"; };
		9ABA066129225863001A23BB /* NaverAdApiViewModel.swift */ = {isa = PBXFileReference; lastKnownFileType = sourcecode.swift; path = NaverAdApiViewModel.swift; sourceTree = "<group>"; };
/* End PBXFileReference section */

/* Begin PBXFrameworksBuildPhase section */
		844CFA9F291CDEB800FBFA9C /* Frameworks */ = {
			isa = PBXFrameworksBuildPhase;
			buildActionMask = 2147483647;
			files = (
			);
			runOnlyForDeploymentPostprocessing = 0;
		};
		844CFAAF291CDEBC00FBFA9C /* Frameworks */ = {
			isa = PBXFrameworksBuildPhase;
			buildActionMask = 2147483647;
			files = (
			);
			runOnlyForDeploymentPostprocessing = 0;
		};
		844CFAB9291CDEBC00FBFA9C /* Frameworks */ = {
			isa = PBXFrameworksBuildPhase;
			buildActionMask = 2147483647;
			files = (
			);
			runOnlyForDeploymentPostprocessing = 0;
		};
/* End PBXFrameworksBuildPhase section */

/* Begin PBXGroup section */
		844CFA99291CDEB700FBFA9C = {
			isa = PBXGroup;
			children = (
				844CFAA4291CDEB800FBFA9C /* KingKeyword */,
				844CFAB5291CDEBC00FBFA9C /* KingKeywordTests */,
				844CFABF291CDEBC00FBFA9C /* KingKeywordUITests */,
				844CFAA3291CDEB800FBFA9C /* Products */,
			);
			sourceTree = "<group>";
		};
		844CFAA3291CDEB800FBFA9C /* Products */ = {
			isa = PBXGroup;
			children = (
				844CFAA2291CDEB800FBFA9C /* KingKeyword.app */,
				844CFAB2291CDEBC00FBFA9C /* KingKeywordTests.xctest */,
				844CFABC291CDEBC00FBFA9C /* KingKeywordUITests.xctest */,
			);
			name = Products;
			sourceTree = "<group>";
		};
		844CFAA4291CDEB800FBFA9C /* KingKeyword */ = {
			isa = PBXGroup;
			children = (
				84A62C7229261A4600EB4048 /* Extension */,
				9ABA0651291D2499001A23BB /* Resources */,
				844CFAA5291CDEB800FBFA9C /* TopKeywordApp.swift */,
				844CFAA7291CDEB800FBFA9C /* ContentView.swift */,
				9ABA065D291E0C63001A23BB /* SearchView.swift */,
				9ABA065F291E1515001A23BB /* NaverApiViewModel.swift */,
				9ABA066129225863001A23BB /* NaverAdApiViewModel.swift */,
			);
			path = KingKeyword;
			sourceTree = "<group>";
		};
		844CFAB5291CDEBC00FBFA9C /* KingKeywordTests */ = {
			isa = PBXGroup;
			children = (
				844CFAB6291CDEBC00FBFA9C /* KingKeywordTests.swift */,
			);
			path = KingKeywordTests;
			sourceTree = "<group>";
		};
		844CFABF291CDEBC00FBFA9C /* KingKeywordUITests */ = {
			isa = PBXGroup;
			children = (
				844CFAC0291CDEBC00FBFA9C /* KingKeywordUITests.swift */,
				844CFAC2291CDEBC00FBFA9C /* KingKeywordUITestsLaunchTests.swift */,
			);
			path = KingKeywordUITests;
			sourceTree = "<group>";
		};
		84A62C6F29261A1E00EB4048 /* Preview Content */ = {
			isa = PBXGroup;
			children = (
				84A62C7029261A3600EB4048 /* Preview Assets.xcassets */,
			);
			path = "Preview Content";
			sourceTree = "<group>";
		};
		84A62C7229261A4600EB4048 /* Extension */ = {
			isa = PBXGroup;
			children = (
				84A62C7329261A5700EB4048 /* Date.swift */,
			);
			path = Extension;
			sourceTree = "<group>";
		};
		9ABA0651291D2499001A23BB /* Resources */ = {
			isa = PBXGroup;
			children = (
				84A62C6F29261A1E00EB4048 /* Preview Content */,
				9ABA0658291D26B6001A23BB /* Assets.xcassets */,
			);
			path = Resources;
			sourceTree = "<group>";
		};
/* End PBXGroup section */

/* Begin PBXNativeTarget section */
		844CFAA1291CDEB800FBFA9C /* KingKeyword */ = {
			isa = PBXNativeTarget;
			buildConfigurationList = 844CFAC6291CDEBC00FBFA9C /* Build configuration list for PBXNativeTarget "KingKeyword" */;
			buildPhases = (
				844CFA9E291CDEB800FBFA9C /* Sources */,
				844CFA9F291CDEB800FBFA9C /* Frameworks */,
				844CFAA0291CDEB800FBFA9C /* Resources */,
			);
			buildRules = (
			);
			dependencies = (
			);
			name = KingKeyword;
			productName = TopKeyword;
			productReference = 844CFAA2291CDEB800FBFA9C /* KingKeyword.app */;
			productType = "com.apple.product-type.application";
		};
		844CFAB1291CDEBC00FBFA9C /* KingKeywordTests */ = {
			isa = PBXNativeTarget;
			buildConfigurationList = 844CFAC9291CDEBC00FBFA9C /* Build configuration list for PBXNativeTarget "KingKeywordTests" */;
			buildPhases = (
				844CFAAE291CDEBC00FBFA9C /* Sources */,
				844CFAAF291CDEBC00FBFA9C /* Frameworks */,
				844CFAB0291CDEBC00FBFA9C /* Resources */,
			);
			buildRules = (
			);
			dependencies = (
				844CFAB4291CDEBC00FBFA9C /* PBXTargetDependency */,
			);
			name = KingKeywordTests;
			productName = TopKeywordTests;
			productReference = 844CFAB2291CDEBC00FBFA9C /* KingKeywordTests.xctest */;
			productType = "com.apple.product-type.bundle.unit-test";
		};
		844CFABB291CDEBC00FBFA9C /* KingKeywordUITests */ = {
			isa = PBXNativeTarget;
			buildConfigurationList = 844CFACC291CDEBC00FBFA9C /* Build configuration list for PBXNativeTarget "KingKeywordUITests" */;
			buildPhases = (
				844CFAB8291CDEBC00FBFA9C /* Sources */,
				844CFAB9291CDEBC00FBFA9C /* Frameworks */,
				844CFABA291CDEBC00FBFA9C /* Resources */,
			);
			buildRules = (
			);
			dependencies = (
				844CFABE291CDEBC00FBFA9C /* PBXTargetDependency */,
			);
			name = KingKeywordUITests;
			productName = TopKeywordUITests;
			productReference = 844CFABC291CDEBC00FBFA9C /* KingKeywordUITests.xctest */;
			productType = "com.apple.product-type.bundle.ui-testing";
		};
/* End PBXNativeTarget section */

/* Begin PBXProject section */
		844CFA9A291CDEB700FBFA9C /* Project object */ = {
			isa = PBXProject;
			attributes = {
				BuildIndependentTargetsInParallel = 1;
				LastSwiftUpdateCheck = 1400;
				LastUpgradeCheck = 1400;
				TargetAttributes = {
					844CFAA1291CDEB800FBFA9C = {
						CreatedOnToolsVersion = 14.0;
					};
					844CFAB1291CDEBC00FBFA9C = {
						CreatedOnToolsVersion = 14.0;
						TestTargetID = 844CFAA1291CDEB800FBFA9C;
					};
					844CFABB291CDEBC00FBFA9C = {
						CreatedOnToolsVersion = 14.0;
						TestTargetID = 844CFAA1291CDEB800FBFA9C;
					};
				};
			};
			buildConfigurationList = 844CFA9D291CDEB700FBFA9C /* Build configuration list for PBXProject "KingKeyword" */;
			compatibilityVersion = "Xcode 14.0";
			developmentRegion = en;
			hasScannedForEncodings = 0;
			knownRegions = (
				en,
				Base,
			);
			mainGroup = 844CFA99291CDEB700FBFA9C;
			productRefGroup = 844CFAA3291CDEB800FBFA9C /* Products */;
			projectDirPath = "";
			projectRoot = "";
			targets = (
				844CFAA1291CDEB800FBFA9C /* KingKeyword */,
				844CFAB1291CDEBC00FBFA9C /* KingKeywordTests */,
				844CFABB291CDEBC00FBFA9C /* KingKeywordUITests */,
			);
		};
/* End PBXProject section */

/* Begin PBXResourcesBuildPhase section */
		844CFAA0291CDEB800FBFA9C /* Resources */ = {
			isa = PBXResourcesBuildPhase;
			buildActionMask = 2147483647;
			files = (
				84A62C7129261A3600EB4048 /* Preview Assets.xcassets in Resources */,
				9ABA0659291D26B6001A23BB /* Assets.xcassets in Resources */,
			);
			runOnlyForDeploymentPostprocessing = 0;
		};
		844CFAB0291CDEBC00FBFA9C /* Resources */ = {
			isa = PBXResourcesBuildPhase;
			buildActionMask = 2147483647;
			files = (
			);
			runOnlyForDeploymentPostprocessing = 0;
		};
		844CFABA291CDEBC00FBFA9C /* Resources */ = {
			isa = PBXResourcesBuildPhase;
			buildActionMask = 2147483647;
			files = (
			);
			runOnlyForDeploymentPostprocessing = 0;
		};
/* End PBXResourcesBuildPhase section */

/* Begin PBXSourcesBuildPhase section */
		844CFA9E291CDEB800FBFA9C /* Sources */ = {
			isa = PBXSourcesBuildPhase;
			buildActionMask = 2147483647;
			files = (
				844CFAA8291CDEB800FBFA9C /* ContentView.swift in Sources */,
				84A62C7429261A5700EB4048 /* Date.swift in Sources */,
				9ABA065E291E0C63001A23BB /* SearchView.swift in Sources */,
				9ABA0660291E1515001A23BB /* NaverApiViewModel.swift in Sources */,
				9ABA066229225863001A23BB /* NaverAdApiViewModel.swift in Sources */,
				844CFAA6291CDEB800FBFA9C /* TopKeywordApp.swift in Sources */,
			);
			runOnlyForDeploymentPostprocessing = 0;
		};
		844CFAAE291CDEBC00FBFA9C /* Sources */ = {
			isa = PBXSourcesBuildPhase;
			buildActionMask = 2147483647;
			files = (
				844CFAB7291CDEBC00FBFA9C /* KingKeywordTests.swift in Sources */,
			);
			runOnlyForDeploymentPostprocessing = 0;
		};
		844CFAB8291CDEBC00FBFA9C /* Sources */ = {
			isa = PBXSourcesBuildPhase;
			buildActionMask = 2147483647;
			files = (
				844CFAC3291CDEBC00FBFA9C /* KingKeywordUITestsLaunchTests.swift in Sources */,
				844CFAC1291CDEBC00FBFA9C /* KingKeywordUITests.swift in Sources */,
			);
			runOnlyForDeploymentPostprocessing = 0;
		};
/* End PBXSourcesBuildPhase section */

/* Begin PBXTargetDependency section */
		844CFAB4291CDEBC00FBFA9C /* PBXTargetDependency */ = {
			isa = PBXTargetDependency;
			target = 844CFAA1291CDEB800FBFA9C /* KingKeyword */;
			targetProxy = 844CFAB3291CDEBC00FBFA9C /* PBXContainerItemProxy */;
		};
		844CFABE291CDEBC00FBFA9C /* PBXTargetDependency */ = {
			isa = PBXTargetDependency;
			target = 844CFAA1291CDEB800FBFA9C /* KingKeyword */;
			targetProxy = 844CFABD291CDEBC00FBFA9C /* PBXContainerItemProxy */;
		};
/* End PBXTargetDependency section */

/* Begin XCBuildConfiguration section */
		844CFAC4291CDEBC00FBFA9C /* Debug */ = {
			isa = XCBuildConfiguration;
			buildSettings = {
				ALWAYS_SEARCH_USER_PATHS = NO;
				CLANG_ANALYZER_NONNULL = YES;
				CLANG_ANALYZER_NUMBER_OBJECT_CONVERSION = YES_AGGRESSIVE;
				CLANG_CXX_LANGUAGE_STANDARD = "gnu++20";
				CLANG_ENABLE_MODULES = YES;
				CLANG_ENABLE_OBJC_ARC = YES;
				CLANG_ENABLE_OBJC_WEAK = YES;
				CLANG_WARN_BLOCK_CAPTURE_AUTORELEASING = YES;
				CLANG_WARN_BOOL_CONVERSION = YES;
				CLANG_WARN_COMMA = YES;
				CLANG_WARN_CONSTANT_CONVERSION = YES;
				CLANG_WARN_DEPRECATED_OBJC_IMPLEMENTATIONS = YES;
				CLANG_WARN_DIRECT_OBJC_ISA_USAGE = YES_ERROR;
				CLANG_WARN_DOCUMENTATION_COMMENTS = YES;
				CLANG_WARN_EMPTY_BODY = YES;
				CLANG_WARN_ENUM_CONVERSION = YES;
				CLANG_WARN_INFINITE_RECURSION = YES;
				CLANG_WARN_INT_CONVERSION = YES;
				CLANG_WARN_NON_LITERAL_NULL_CONVERSION = YES;
				CLANG_WARN_OBJC_IMPLICIT_RETAIN_SELF = YES;
				CLANG_WARN_OBJC_LITERAL_CONVERSION = YES;
				CLANG_WARN_OBJC_ROOT_CLASS = YES_ERROR;
				CLANG_WARN_QUOTED_INCLUDE_IN_FRAMEWORK_HEADER = YES;
				CLANG_WARN_RANGE_LOOP_ANALYSIS = YES;
				CLANG_WARN_STRICT_PROTOTYPES = YES;
				CLANG_WARN_SUSPICIOUS_MOVE = YES;
				CLANG_WARN_UNGUARDED_AVAILABILITY = YES_AGGRESSIVE;
				CLANG_WARN_UNREACHABLE_CODE = YES;
				CLANG_WARN__DUPLICATE_METHOD_MATCH = YES;
				COPY_PHASE_STRIP = NO;
				DEBUG_INFORMATION_FORMAT = dwarf;
				ENABLE_STRICT_OBJC_MSGSEND = YES;
				ENABLE_TESTABILITY = YES;
				GCC_C_LANGUAGE_STANDARD = gnu11;
				GCC_DYNAMIC_NO_PIC = NO;
				GCC_NO_COMMON_BLOCKS = YES;
				GCC_OPTIMIZATION_LEVEL = 0;
				GCC_PREPROCESSOR_DEFINITIONS = (
					"DEBUG=1",
					"$(inherited)",
				);
				GCC_WARN_64_TO_32_BIT_CONVERSION = YES;
				GCC_WARN_ABOUT_RETURN_TYPE = YES_ERROR;
				GCC_WARN_UNDECLARED_SELECTOR = YES;
				GCC_WARN_UNINITIALIZED_AUTOS = YES_AGGRESSIVE;
				GCC_WARN_UNUSED_FUNCTION = YES;
				GCC_WARN_UNUSED_VARIABLE = YES;
				IPHONEOS_DEPLOYMENT_TARGET = 16.0;
				MTL_ENABLE_DEBUG_INFO = INCLUDE_SOURCE;
				MTL_FAST_MATH = YES;
				ONLY_ACTIVE_ARCH = YES;
				SDKROOT = iphoneos;
				SWIFT_ACTIVE_COMPILATION_CONDITIONS = DEBUG;
				SWIFT_OPTIMIZATION_LEVEL = "-Onone";
			};
			name = Debug;
		};
		844CFAC5291CDEBC00FBFA9C /* Release */ = {
			isa = XCBuildConfiguration;
			buildSettings = {
				ALWAYS_SEARCH_USER_PATHS = NO;
				CLANG_ANALYZER_NONNULL = YES;
				CLANG_ANALYZER_NUMBER_OBJECT_CONVERSION = YES_AGGRESSIVE;
				CLANG_CXX_LANGUAGE_STANDARD = "gnu++20";
				CLANG_ENABLE_MODULES = YES;
				CLANG_ENABLE_OBJC_ARC = YES;
				CLANG_ENABLE_OBJC_WEAK = YES;
				CLANG_WARN_BLOCK_CAPTURE_AUTORELEASING = YES;
				CLANG_WARN_BOOL_CONVERSION = YES;
				CLANG_WARN_COMMA = YES;
				CLANG_WARN_CONSTANT_CONVERSION = YES;
				CLANG_WARN_DEPRECATED_OBJC_IMPLEMENTATIONS = YES;
				CLANG_WARN_DIRECT_OBJC_ISA_USAGE = YES_ERROR;
				CLANG_WARN_DOCUMENTATION_COMMENTS = YES;
				CLANG_WARN_EMPTY_BODY = YES;
				CLANG_WARN_ENUM_CONVERSION = YES;
				CLANG_WARN_INFINITE_RECURSION = YES;
				CLANG_WARN_INT_CONVERSION = YES;
				CLANG_WARN_NON_LITERAL_NULL_CONVERSION = YES;
				CLANG_WARN_OBJC_IMPLICIT_RETAIN_SELF = YES;
				CLANG_WARN_OBJC_LITERAL_CONVERSION = YES;
				CLANG_WARN_OBJC_ROOT_CLASS = YES_ERROR;
				CLANG_WARN_QUOTED_INCLUDE_IN_FRAMEWORK_HEADER = YES;
				CLANG_WARN_RANGE_LOOP_ANALYSIS = YES;
				CLANG_WARN_STRICT_PROTOTYPES = YES;
				CLANG_WARN_SUSPICIOUS_MOVE = YES;
				CLANG_WARN_UNGUARDED_AVAILABILITY = YES_AGGRESSIVE;
				CLANG_WARN_UNREACHABLE_CODE = YES;
				CLANG_WARN__DUPLICATE_METHOD_MATCH = YES;
				COPY_PHASE_STRIP = NO;
				DEBUG_INFORMATION_FORMAT = "dwarf-with-dsym";
				ENABLE_NS_ASSERTIONS = NO;
				ENABLE_STRICT_OBJC_MSGSEND = YES;
				GCC_C_LANGUAGE_STANDARD = gnu11;
				GCC_NO_COMMON_BLOCKS = YES;
				GCC_WARN_64_TO_32_BIT_CONVERSION = YES;
				GCC_WARN_ABOUT_RETURN_TYPE = YES_ERROR;
				GCC_WARN_UNDECLARED_SELECTOR = YES;
				GCC_WARN_UNINITIALIZED_AUTOS = YES_AGGRESSIVE;
				GCC_WARN_UNUSED_FUNCTION = YES;
				GCC_WARN_UNUSED_VARIABLE = YES;
				IPHONEOS_DEPLOYMENT_TARGET = 16.0;
				MTL_ENABLE_DEBUG_INFO = NO;
				MTL_FAST_MATH = YES;
				SDKROOT = iphoneos;
				SWIFT_COMPILATION_MODE = wholemodule;
				SWIFT_OPTIMIZATION_LEVEL = "-O";
				VALIDATE_PRODUCT = YES;
			};
			name = Release;
		};
		844CFAC7291CDEBC00FBFA9C /* Debug */ = {
			isa = XCBuildConfiguration;
			buildSettings = {
				ASSETCATALOG_COMPILER_APPICON_NAME = AppIcon;
				ASSETCATALOG_COMPILER_GLOBAL_ACCENT_COLOR_NAME = AccentColor;
				CODE_SIGN_STYLE = Automatic;
				CURRENT_PROJECT_VERSION = 1;
				DEVELOPMENT_ASSET_PATHS = "\"KingKeyword/Resources/Preview Content\"";
				DEVELOPMENT_TEAM = K82D89RA5U;
				ENABLE_PREVIEWS = YES;
				GENERATE_INFOPLIST_FILE = YES;
				INFOPLIST_KEY_UIApplicationSceneManifest_Generation = YES;
				INFOPLIST_KEY_UIApplicationSupportsIndirectInputEvents = YES;
				INFOPLIST_KEY_UILaunchScreen_Generation = YES;
				INFOPLIST_KEY_UISupportedInterfaceOrientations_iPad = "UIInterfaceOrientationPortrait UIInterfaceOrientationPortraitUpsideDown UIInterfaceOrientationLandscapeLeft UIInterfaceOrientationLandscapeRight";
				INFOPLIST_KEY_UISupportedInterfaceOrientations_iPhone = "UIInterfaceOrientationPortrait UIInterfaceOrientationLandscapeLeft UIInterfaceOrientationLandscapeRight";
				IPHONEOS_DEPLOYMENT_TARGET = 15.0;
				LD_RUNPATH_SEARCH_PATHS = (
					"$(inherited)",
					"@executable_path/Frameworks",
				);
				MARKETING_VERSION = 1.0;
				PRODUCT_BUNDLE_IDENTIFIER = arob6.KingKeyword;
				PRODUCT_NAME = "$(TARGET_NAME)";
				SWIFT_EMIT_LOC_STRINGS = YES;
				SWIFT_VERSION = 5.0;
				TARGETED_DEVICE_FAMILY = "1,2";
			};
			name = Debug;
		};
		844CFAC8291CDEBC00FBFA9C /* Release */ = {
			isa = XCBuildConfiguration;
			buildSettings = {
				ASSETCATALOG_COMPILER_APPICON_NAME = AppIcon;
				ASSETCATALOG_COMPILER_GLOBAL_ACCENT_COLOR_NAME = AccentColor;
				CODE_SIGN_STYLE = Automatic;
				CURRENT_PROJECT_VERSION = 1;
				DEVELOPMENT_ASSET_PATHS = "\"KingKeyword/Resources/Preview Content\"";
				DEVELOPMENT_TEAM = K82D89RA5U;
				ENABLE_PREVIEWS = YES;
				GENERATE_INFOPLIST_FILE = YES;
				INFOPLIST_KEY_UIApplicationSceneManifest_Generation = YES;
				INFOPLIST_KEY_UIApplicationSupportsIndirectInputEvents = YES;
				INFOPLIST_KEY_UILaunchScreen_Generation = YES;
				INFOPLIST_KEY_UISupportedInterfaceOrientations_iPad = "UIInterfaceOrientationPortrait UIInterfaceOrientationPortraitUpsideDown UIInterfaceOrientationLandscapeLeft UIInterfaceOrientationLandscapeRight";
				INFOPLIST_KEY_UISupportedInterfaceOrientations_iPhone = "UIInterfaceOrientationPortrait UIInterfaceOrientationLandscapeLeft UIInterfaceOrientationLandscapeRight";
				IPHONEOS_DEPLOYMENT_TARGET = 15.0;
				LD_RUNPATH_SEARCH_PATHS = (
					"$(inherited)",
					"@executable_path/Frameworks",
				);
				MARKETING_VERSION = 1.0;
				PRODUCT_BUNDLE_IDENTIFIER = arob6.KingKeyword;
				PRODUCT_NAME = "$(TARGET_NAME)";
				SWIFT_EMIT_LOC_STRINGS = YES;
				SWIFT_VERSION = 5.0;
				TARGETED_DEVICE_FAMILY = "1,2";
			};
			name = Release;
		};
		844CFACA291CDEBC00FBFA9C /* Debug */ = {
			isa = XCBuildConfiguration;
			buildSettings = {
				ALWAYS_EMBED_SWIFT_STANDARD_LIBRARIES = YES;
				BUNDLE_LOADER = "$(TEST_HOST)";
				CODE_SIGN_STYLE = Automatic;
				CURRENT_PROJECT_VERSION = 1;
				DEVELOPMENT_TEAM = K82D89RA5U;
				GENERATE_INFOPLIST_FILE = YES;
				IPHONEOS_DEPLOYMENT_TARGET = 16.0;
				MARKETING_VERSION = 1.0;
				PRODUCT_BUNDLE_IDENTIFIER = arob6.TopKeywordTests;
				PRODUCT_NAME = "$(TARGET_NAME)";
				SWIFT_EMIT_LOC_STRINGS = NO;
				SWIFT_VERSION = 5.0;
				TARGETED_DEVICE_FAMILY = "1,2";
				TEST_HOST = "$(BUILT_PRODUCTS_DIR)/KingKeyword.app/$(BUNDLE_EXECUTABLE_FOLDER_PATH)/KingKeyword";
			};
			name = Debug;
		};
		844CFACB291CDEBC00FBFA9C /* Release */ = {
			isa = XCBuildConfiguration;
			buildSettings = {
				ALWAYS_EMBED_SWIFT_STANDARD_LIBRARIES = YES;
				BUNDLE_LOADER = "$(TEST_HOST)";
				CODE_SIGN_STYLE = Automatic;
				CURRENT_PROJECT_VERSION = 1;
				DEVELOPMENT_TEAM = K82D89RA5U;
				GENERATE_INFOPLIST_FILE = YES;
				IPHONEOS_DEPLOYMENT_TARGET = 16.0;
				MARKETING_VERSION = 1.0;
				PRODUCT_BUNDLE_IDENTIFIER = arob6.TopKeywordTests;
				PRODUCT_NAME = "$(TARGET_NAME)";
				SWIFT_EMIT_LOC_STRINGS = NO;
				SWIFT_VERSION = 5.0;
				TARGETED_DEVICE_FAMILY = "1,2";
				TEST_HOST = "$(BUILT_PRODUCTS_DIR)/KingKeyword.app/$(BUNDLE_EXECUTABLE_FOLDER_PATH)/KingKeyword";
			};
			name = Release;
		};
		844CFACD291CDEBC00FBFA9C /* Debug */ = {
			isa = XCBuildConfiguration;
			buildSettings = {
				ALWAYS_EMBED_SWIFT_STANDARD_LIBRARIES = YES;
				CODE_SIGN_STYLE = Automatic;
				CURRENT_PROJECT_VERSION = 1;
				DEVELOPMENT_TEAM = K82D89RA5U;
				GENERATE_INFOPLIST_FILE = YES;
				MARKETING_VERSION = 1.0;
				PRODUCT_BUNDLE_IDENTIFIER = arob6.TopKeywordUITests;
				PRODUCT_NAME = "$(TARGET_NAME)";
				SWIFT_EMIT_LOC_STRINGS = NO;
				SWIFT_VERSION = 5.0;
				TARGETED_DEVICE_FAMILY = "1,2";
				TEST_TARGET_NAME = TopKeyword;
			};
			name = Debug;
		};
		844CFACE291CDEBC00FBFA9C /* Release */ = {
			isa = XCBuildConfiguration;
			buildSettings = {
				ALWAYS_EMBED_SWIFT_STANDARD_LIBRARIES = YES;
				CODE_SIGN_STYLE = Automatic;
				CURRENT_PROJECT_VERSION = 1;
				DEVELOPMENT_TEAM = K82D89RA5U;
				GENERATE_INFOPLIST_FILE = YES;
				MARKETING_VERSION = 1.0;
				PRODUCT_BUNDLE_IDENTIFIER = arob6.TopKeywordUITests;
				PRODUCT_NAME = "$(TARGET_NAME)";
				SWIFT_EMIT_LOC_STRINGS = NO;
				SWIFT_VERSION = 5.0;
				TARGETED_DEVICE_FAMILY = "1,2";
				TEST_TARGET_NAME = TopKeyword;
			};
			name = Release;
		};
/* End XCBuildConfiguration section */

/* Begin XCConfigurationList section */
		844CFA9D291CDEB700FBFA9C /* Build configuration list for PBXProject "KingKeyword" */ = {
			isa = XCConfigurationList;
			buildConfigurations = (
				844CFAC4291CDEBC00FBFA9C /* Debug */,
				844CFAC5291CDEBC00FBFA9C /* Release */,
			);
			defaultConfigurationIsVisible = 0;
			defaultConfigurationName = Release;
		};
		844CFAC6291CDEBC00FBFA9C /* Build configuration list for PBXNativeTarget "KingKeyword" */ = {
			isa = XCConfigurationList;
			buildConfigurations = (
				844CFAC7291CDEBC00FBFA9C /* Debug */,
				844CFAC8291CDEBC00FBFA9C /* Release */,
			);
			defaultConfigurationIsVisible = 0;
			defaultConfigurationName = Release;
		};
		844CFAC9291CDEBC00FBFA9C /* Build configuration list for PBXNativeTarget "KingKeywordTests" */ = {
			isa = XCConfigurationList;
			buildConfigurations = (
				844CFACA291CDEBC00FBFA9C /* Debug */,
				844CFACB291CDEBC00FBFA9C /* Release */,
			);
			defaultConfigurationIsVisible = 0;
			defaultConfigurationName = Release;
		};
		844CFACC291CDEBC00FBFA9C /* Build configuration list for PBXNativeTarget "KingKeywordUITests" */ = {
			isa = XCConfigurationList;
			buildConfigurations = (
				844CFACD291CDEBC00FBFA9C /* Debug */,
				844CFACE291CDEBC00FBFA9C /* Release */,
			);
			defaultConfigurationIsVisible = 0;
			defaultConfigurationName = Release;
		};
/* End XCConfigurationList section */
	};
	rootObject = 844CFA9A291CDEB700FBFA9C /* Project object */;
}
